
Microsoft Visual Studio Solution File, Format Version 12.00
# Visual Studio Version 16
VisualStudioVersion = 16.0.30717.126
MinimumVisualStudioVersion = 10.0.40219.1
Project("{9A19103F-16F7-4668-BE54-9A1E7A4F7556}") = "Ayeh_home_assignment", "Ayeh_home_assignment\Ayeh_home_assignment.csproj", "{B7C8BF57-577D-44FB-9E60-5E697CB19D71}"
EndProject
Project("{9A19103F-16F7-4668-BE54-9A1E7A4F7556}") = "jsonDb", "jsonDb\jsonDb.csproj", "{71AC3865-BD06-4102-AD63-C7AF75266750}"
EndProject
Project("{9A19103F-16F7-4668-BE54-9A1E7A4F7556}") = "models", "models\models.csproj", "{B85A9055-F38F-4D2C-BC99-9DF44C9A71F6}"
EndProject
Project("{FAE04EC0-301F-11D3-BF4B-00C04F79EFBC}") = "Interfaces", "Interfaces\Interfaces.csproj", "{383654BE-3B09-41FA-94A4-88437423B89C}"
EndProject
Global
	GlobalSection(SolutionConfigurationPlatforms) = preSolution
		Debug|Any CPU = Debug|Any CPU
		Release|Any CPU = Release|Any CPU
	EndGlobalSection
	GlobalSection(ProjectConfigurationPlatforms) = postSolution
		{B7C8BF57-577D-44FB-9E60-5E697CB19D71}.Debug|Any CPU.ActiveCfg = Debug|Any CPU
		{B7C8BF57-577D-44FB-9E60-5E697CB19D71}.Debug|Any CPU.Build.0 = Debug|Any CPU
		{B7C8BF57-577D-44FB-9E60-5E697CB19D71}.Release|Any CPU.ActiveCfg = Release|Any CPU
		{B7C8BF57-577D-44FB-9E60-5E697CB19D71}.Release|Any CPU.Build.0 = Release|Any CPU
		{71AC3865-BD06-4102-AD63-C7AF75266750}.Debug|Any CPU.ActiveCfg = Debug|Any CPU
		{71AC3865-BD06-4102-AD63-C7AF75266750}.Debug|Any CPU.Build.0 = Debug|Any CPU
		{71AC3865-BD06-4102-AD63-C7AF75266750}.Release|Any CPU.ActiveCfg = Release|Any CPU
		{71AC3865-BD06-4102-AD63-C7AF75266750}.Release|Any CPU.Build.0 = Release|Any CPU
		{B85A9055-F38F-4D2C-BC99-9DF44C9A71F6}.Debug|Any CPU.ActiveCfg = Debug|Any CPU
		{B85A9055-F38F-4D2C-BC99-9DF44C9A71F6}.Debug|Any CPU.Build.0 = Debug|Any CPU
		{B85A9055-F38F-4D2C-BC99-9DF44C9A71F6}.Release|Any CPU.ActiveCfg = Release|Any CPU
		{B85A9055-F38F-4D2C-BC99-9DF44C9A71F6}.Release|Any CPU.Build.0 = Release|Any CPU
		{383654BE-3B09-41FA-94A4-88437423B89C}.Debug|Any CPU.ActiveCfg = Debug|Any CPU
		{383654BE-3B09-41FA-94A4-88437423B89C}.Debug|Any CPU.Build.0 = Debug|Any CPU
		{383654BE-3B09-41FA-94A4-88437423B89C}.Release|Any CPU.ActiveCfg = Release|Any CPU
		{383654BE-3B09-41FA-94A4-88437423B89C}.Release|Any CPU.Build.0 = Release|Any CPU
	EndGlobalSection
	GlobalSection(SolutionProperties) = preSolution
		HideSolutionNode = FALSE
	EndGlobalSection
	GlobalSection(ExtensibilityGlobals) = postSolution
		SolutionGuid = {79BD0743-C820-460B-9344-6DABBF381CD7}
	EndGlobalSection
EndGlobal
